// !$*UTF8*$!
{
	archiveVersion = 1;
	classes = {
	};
	objectVersion = 50;
	objects = {

/* Begin PBXBuildFile section */
		F022C13B238BBF0F0048696E /* BottomLinedTextField.swift in Sources */ = {isa = PBXBuildFile; fileRef = F022C13A238BBF0F0048696E /* BottomLinedTextField.swift */; };
		F022C13F238BBF770048696E /* RoundedButton.swift in Sources */ = {isa = PBXBuildFile; fileRef = F022C13E238BBF770048696E /* RoundedButton.swift */; };
		F0B67DE4238E47EF0060C163 /* HelpViewController.swift in Sources */ = {isa = PBXBuildFile; fileRef = F0B67DE3238E47EF0060C163 /* HelpViewController.swift */; };
		F0B67DE7238E4B670060C163 /* HelpViewModel.swift in Sources */ = {isa = PBXBuildFile; fileRef = F0B67DE6238E4B670060C163 /* HelpViewModel.swift */; };
		F0B67DEB238E5C220060C163 /* GuidedHelpTableViewCell.swift in Sources */ = {isa = PBXBuildFile; fileRef = F0B67DEA238E5C220060C163 /* GuidedHelpTableViewCell.swift */; };
		F0E28C6B238B9A00003884F7 /* AppDelegate.swift in Sources */ = {isa = PBXBuildFile; fileRef = F0E28C6A238B9A00003884F7 /* AppDelegate.swift */; };
		F0E28C6D238B9A01003884F7 /* SceneDelegate.swift in Sources */ = {isa = PBXBuildFile; fileRef = F0E28C6C238B9A01003884F7 /* SceneDelegate.swift */; };
		F0E28C6F238B9A01003884F7 /* ViewController.swift in Sources */ = {isa = PBXBuildFile; fileRef = F0E28C6E238B9A01003884F7 /* ViewController.swift */; };
		F0E28C72238B9A01003884F7 /* Main.storyboard in Resources */ = {isa = PBXBuildFile; fileRef = F0E28C70238B9A01003884F7 /* Main.storyboard */; };
		F0E28C74238B9A07003884F7 /* Assets.xcassets in Resources */ = {isa = PBXBuildFile; fileRef = F0E28C73238B9A07003884F7 /* Assets.xcassets */; };
		F0E28C77238B9A07003884F7 /* LaunchScreen.storyboard in Resources */ = {isa = PBXBuildFile; fileRef = F0E28C75238B9A07003884F7 /* LaunchScreen.storyboard */; };
		F0F50F7A238CE8B200979D4E /* UIViewControllerExtension.swift in Sources */ = {isa = PBXBuildFile; fileRef = F0F50F79238CE8B200979D4E /* UIViewControllerExtension.swift */; };
		F0F50F7C238CF31300979D4E /* DynamicFontButton.swift in Sources */ = {isa = PBXBuildFile; fileRef = F0F50F7B238CF31300979D4E /* DynamicFontButton.swift */; };
		F0F50F7E238D1FD600979D4E /* ViewController+Accessibility.swift in Sources */ = {isa = PBXBuildFile; fileRef = F0F50F7D238D1FD600979D4E /* ViewController+Accessibility.swift */; };
/* End PBXBuildFile section */

/* Begin PBXFileReference section */
		F022C13A238BBF0F0048696E /* BottomLinedTextField.swift */ = {isa = PBXFileReference; lastKnownFileType = sourcecode.swift; path = BottomLinedTextField.swift; sourceTree = "<group>"; };
		F022C13E238BBF770048696E /* RoundedButton.swift */ = {isa = PBXFileReference; lastKnownFileType = sourcecode.swift; path = RoundedButton.swift; sourceTree = "<group>"; };
		F0B67DE3238E47EF0060C163 /* HelpViewController.swift */ = {isa = PBXFileReference; lastKnownFileType = sourcecode.swift; path = HelpViewController.swift; sourceTree = "<group>"; };
		F0B67DE6238E4B670060C163 /* HelpViewModel.swift */ = {isa = PBXFileReference; lastKnownFileType = sourcecode.swift; path = HelpViewModel.swift; sourceTree = "<group>"; };
		F0B67DEA238E5C220060C163 /* GuidedHelpTableViewCell.swift */ = {isa = PBXFileReference; lastKnownFileType = sourcecode.swift; path = GuidedHelpTableViewCell.swift; sourceTree = "<group>"; };
		F0E28C67238B9A00003884F7 /* USBAccessibility.app */ = {isa = PBXFileReference; explicitFileType = wrapper.application; includeInIndex = 0; path = USBAccessibility.app; sourceTree = BUILT_PRODUCTS_DIR; };
		F0E28C6A238B9A00003884F7 /* AppDelegate.swift */ = {isa = PBXFileReference; lastKnownFileType = sourcecode.swift; path = AppDelegate.swift; sourceTree = "<group>"; };
		F0E28C6C238B9A01003884F7 /* SceneDelegate.swift */ = {isa = PBXFileReference; lastKnownFileType = sourcecode.swift; path = SceneDelegate.swift; sourceTree = "<group>"; };
		F0E28C6E238B9A01003884F7 /* ViewController.swift */ = {isa = PBXFileReference; lastKnownFileType = sourcecode.swift; path = ViewController.swift; sourceTree = "<group>"; };
		F0E28C71238B9A01003884F7 /* Base */ = {isa = PBXFileReference; lastKnownFileType = file.storyboard; name = Base; path = Base.lproj/Main.storyboard; sourceTree = "<group>"; };
		F0E28C73238B9A07003884F7 /* Assets.xcassets */ = {isa = PBXFileReference; lastKnownFileType = folder.assetcatalog; path = Assets.xcassets; sourceTree = "<group>"; };
		F0E28C76238B9A07003884F7 /* Base */ = {isa = PBXFileReference; lastKnownFileType = file.storyboard; name = Base; path = Base.lproj/LaunchScreen.storyboard; sourceTree = "<group>"; };
		F0E28C78238B9A07003884F7 /* Info.plist */ = {isa = PBXFileReference; lastKnownFileType = text.plist.xml; path = Info.plist; sourceTree = "<group>"; };
		F0F50F79238CE8B200979D4E /* UIViewControllerExtension.swift */ = {isa = PBXFileReference; lastKnownFileType = sourcecode.swift; path = UIViewControllerExtension.swift; sourceTree = "<group>"; };
		F0F50F7B238CF31300979D4E /* DynamicFontButton.swift */ = {isa = PBXFileReference; lastKnownFileType = sourcecode.swift; path = DynamicFontButton.swift; sourceTree = "<group>"; };
		F0F50F7D238D1FD600979D4E /* ViewController+Accessibility.swift */ = {isa = PBXFileReference; lastKnownFileType = sourcecode.swift; path = "ViewController+Accessibility.swift"; sourceTree = "<group>"; };
/* End PBXFileReference section */

/* Begin PBXFrameworksBuildPhase section */
		F0E28C64238B9A00003884F7 /* Frameworks */ = {
			isa = PBXFrameworksBuildPhase;
			buildActionMask = 2147483647;
			files = (
			);
			runOnlyForDeploymentPostprocessing = 0;
		};
/* End PBXFrameworksBuildPhase section */

/* Begin PBXGroup section */
		F022C139238BBEC60048696E /* CustomTextFields */ = {
			isa = PBXGroup;
			children = (
				F022C13A238BBF0F0048696E /* BottomLinedTextField.swift */,
			);
			path = CustomTextFields;
			sourceTree = "<group>";
		};
		F022C13C238BBF370048696E /* CustomButtons */ = {
			isa = PBXGroup;
			children = (
				F022C13E238BBF770048696E /* RoundedButton.swift */,
				F0F50F7B238CF31300979D4E /* DynamicFontButton.swift */,
			);
			path = CustomButtons;
			sourceTree = "<group>";
		};
		F022C13D238BBF4A0048696E /* CustomViews */ = {
			isa = PBXGroup;
			children = (
				F022C13C238BBF370048696E /* CustomButtons */,
				F022C139238BBEC60048696E /* CustomTextFields */,
			);
			path = CustomViews;
			sourceTree = "<group>";
		};
		F0B67DE2238E45E30060C163 /* ViewControllers */ = {
			isa = PBXGroup;
			children = (
				F0E28C6E238B9A01003884F7 /* ViewController.swift */,
				F0B67DE3238E47EF0060C163 /* HelpViewController.swift */,
			);
			path = ViewControllers;
			sourceTree = "<group>";
		};
		F0B67DE5238E4B380060C163 /* ViewModels */ = {
			isa = PBXGroup;
			children = (
				F0B67DE6238E4B670060C163 /* HelpViewModel.swift */,
			);
			path = ViewModels;
			sourceTree = "<group>";
		};
		F0B67DE8238E4C510060C163 /* Models */ = {
			isa = PBXGroup;
			children = (
			);
			path = Models;
			sourceTree = "<group>";
		};
		F0B67DE9238E5BC40060C163 /* TableViewCells */ = {
			isa = PBXGroup;
			children = (
				F0B67DEA238E5C220060C163 /* GuidedHelpTableViewCell.swift */,
			);
			path = TableViewCells;
			sourceTree = "<group>";
		};
		F0E28C5E238B99FF003884F7 = {
			isa = PBXGroup;
			children = (
				F0E28C69238B9A00003884F7 /* AccessibilitySample */,
				F0E28C68238B9A00003884F7 /* Products */,
			);
			sourceTree = "<group>";
		};
		F0E28C68238B9A00003884F7 /* Products */ = {
			isa = PBXGroup;
			children = (
				F0E28C67238B9A00003884F7 /* USBAccessibility.app */,
			);
			name = Products;
			sourceTree = "<group>";
		};
		F0E28C69238B9A00003884F7 /* AccessibilitySample */ = {
			isa = PBXGroup;
			children = (
				F0B67DE9238E5BC40060C163 /* TableViewCells */,
				F0B67DE8238E4C510060C163 /* Models */,
				F0B67DE5238E4B380060C163 /* ViewModels */,
				F0B67DE2238E45E30060C163 /* ViewControllers */,
				F0F50F78238CE81600979D4E /* Extensions */,
				F022C13D238BBF4A0048696E /* CustomViews */,
				F0E28C6A238B9A00003884F7 /* AppDelegate.swift */,
				F0E28C6C238B9A01003884F7 /* SceneDelegate.swift */,
				F0E28C70238B9A01003884F7 /* Main.storyboard */,
				F0E28C73238B9A07003884F7 /* Assets.xcassets */,
				F0E28C75238B9A07003884F7 /* LaunchScreen.storyboard */,
				F0E28C78238B9A07003884F7 /* Info.plist */,
			);
			path = AccessibilitySample;
			sourceTree = "<group>";
		};
		F0F50F78238CE81600979D4E /* Extensions */ = {
			isa = PBXGroup;
			children = (
				F0F50F79238CE8B200979D4E /* UIViewControllerExtension.swift */,
				F0F50F7D238D1FD600979D4E /* ViewController+Accessibility.swift */,
			);
			path = Extensions;
			sourceTree = "<group>";
		};
/* End PBXGroup section */

/* Begin PBXNativeTarget section */
		F0E28C66238B9A00003884F7 /* AccessibilitySample */ = {
			isa = PBXNativeTarget;
			buildConfigurationList = F0E28C7B238B9A07003884F7 /* Build configuration list for PBXNativeTarget "AccessibilitySample" */;
			buildPhases = (
				F0E28C63238B9A00003884F7 /* Sources */,
				F0E28C64238B9A00003884F7 /* Frameworks */,
				F0E28C65238B9A00003884F7 /* Resources */,
			);
			buildRules = (
			);
			dependencies = (
			);
			name = AccessibilitySample;
			productName = AccessibilitySample;
			productReference = F0E28C67238B9A00003884F7 /* USBAccessibility.app */;
			productType = "com.apple.product-type.application";
		};
/* End PBXNativeTarget section */

/* Begin PBXProject section */
		F0E28C5F238B99FF003884F7 /* Project object */ = {
			isa = PBXProject;
			attributes = {
				LastSwiftUpdateCheck = 1120;
				LastUpgradeCheck = 1120;
				ORGANIZATIONNAME = "Yogendra Singh";
				TargetAttributes = {
					F0E28C66238B9A00003884F7 = {
						CreatedOnToolsVersion = 11.2;
					};
				};
			};
			buildConfigurationList = F0E28C62238B9A00003884F7 /* Build configuration list for PBXProject "AccessibilitySample" */;
			compatibilityVersion = "Xcode 9.3";
			developmentRegion = en;
			hasScannedForEncodings = 0;
			knownRegions = (
				en,
				Base,
			);
			mainGroup = F0E28C5E238B99FF003884F7;
			productRefGroup = F0E28C68238B9A00003884F7 /* Products */;
			projectDirPath = "";
			projectRoot = "";
			targets = (
				F0E28C66238B9A00003884F7 /* AccessibilitySample */,
			);
		};
/* End PBXProject section */

/* Begin PBXResourcesBuildPhase section */
		F0E28C65238B9A00003884F7 /* Resources */ = {
			isa = PBXResourcesBuildPhase;
			buildActionMask = 2147483647;
			files = (
				F0E28C77238B9A07003884F7 /* LaunchScreen.storyboard in Resources */,
				F0E28C74238B9A07003884F7 /* Assets.xcassets in Resources */,
				F0E28C72238B9A01003884F7 /* Main.storyboard in Resources */,
			);
			runOnlyForDeploymentPostprocessing = 0;
		};
/* End PBXResourcesBuildPhase section */

/* Begin PBXSourcesBuildPhase section */
		F0E28C63238B9A00003884F7 /* Sources */ = {
			isa = PBXSourcesBuildPhase;
			buildActionMask = 2147483647;
			files = (
				F0E28C6F238B9A01003884F7 /* ViewController.swift in Sources */,
				F022C13F238BBF770048696E /* RoundedButton.swift in Sources */,
				F0F50F7C238CF31300979D4E /* DynamicFontButton.swift in Sources */,
				F0F50F7E238D1FD600979D4E /* ViewController+Accessibility.swift in Sources */,
				F0B67DE4238E47EF0060C163 /* HelpViewController.swift in Sources */,
				F0F50F7A238CE8B200979D4E /* UIViewControllerExtension.swift in Sources */,
				F0E28C6B238B9A00003884F7 /* AppDelegate.swift in Sources */,
				F0B67DE7238E4B670060C163 /* HelpViewModel.swift in Sources */,
				F0E28C6D238B9A01003884F7 /* SceneDelegate.swift in Sources */,
				F0B67DEB238E5C220060C163 /* GuidedHelpTableViewCell.swift in Sources */,
				F022C13B238BBF0F0048696E /* BottomLinedTextField.swift in Sources */,
			);
			runOnlyForDeploymentPostprocessing = 0;
		};
/* End PBXSourcesBuildPhase section */

/* Begin PBXVariantGroup section */
		F0E28C70238B9A01003884F7 /* Main.storyboard */ = {
			isa = PBXVariantGroup;
			children = (
				F0E28C71238B9A01003884F7 /* Base */,
			);
			name = Main.storyboard;
			sourceTree = "<group>";
		};
		F0E28C75238B9A07003884F7 /* LaunchScreen.storyboard */ = {
			isa = PBXVariantGroup;
			children = (
				F0E28C76238B9A07003884F7 /* Base */,
			);
			name = LaunchScreen.storyboard;
			sourceTree = "<group>";
		};
/* End PBXVariantGroup section */

/* Begin XCBuildConfiguration section */
		F0E28C79238B9A07003884F7 /* Debug */ = {
			isa = XCBuildConfiguration;
			buildSettings = {
				ALWAYS_SEARCH_USER_PATHS = NO;
				CLANG_ANALYZER_NONNULL = YES;
				CLANG_ANALYZER_NUMBER_OBJECT_CONVERSION = YES_AGGRESSIVE;
				CLANG_CXX_LANGUAGE_STANDARD = "gnu++14";
				CLANG_CXX_LIBRARY = "libc++";
				CLANG_ENABLE_MODULES = YES;
				CLANG_ENABLE_OBJC_ARC = YES;
				CLANG_ENABLE_OBJC_WEAK = YES;
				CLANG_WARN_BLOCK_CAPTURE_AUTORELEASING = YES;
				CLANG_WARN_BOOL_CONVERSION = YES;
				CLANG_WARN_COMMA = YES;
				CLANG_WARN_CONSTANT_CONVERSION = YES;
				CLANG_WARN_DEPRECATED_OBJC_IMPLEMENTATIONS = YES;
				CLANG_WARN_DIRECT_OBJC_ISA_USAGE = YES_ERROR;
				CLANG_WARN_DOCUMENTATION_COMMENTS = YES;
				CLANG_WARN_EMPTY_BODY = YES;
				CLANG_WARN_ENUM_CONVERSION = YES;
				CLANG_WARN_INFINITE_RECURSION = YES;
				CLANG_WARN_INT_CONVERSION = YES;
				CLANG_WARN_NON_LITERAL_NULL_CONVERSION = YES;
				CLANG_WARN_OBJC_IMPLICIT_RETAIN_SELF = YES;
				CLANG_WARN_OBJC_LITERAL_CONVERSION = YES;
				CLANG_WARN_OBJC_ROOT_CLASS = YES_ERROR;
				CLANG_WARN_RANGE_LOOP_ANALYSIS = YES;
				CLANG_WARN_STRICT_PROTOTYPES = YES;
				CLANG_WARN_SUSPICIOUS_MOVE = YES;
				CLANG_WARN_UNGUARDED_AVAILABILITY = YES_AGGRESSIVE;
				CLANG_WARN_UNREACHABLE_CODE = YES;
				CLANG_WARN__DUPLICATE_METHOD_MATCH = YES;
				COPY_PHASE_STRIP = NO;
				DEBUG_INFORMATION_FORMAT = dwarf;
				ENABLE_STRICT_OBJC_MSGSEND = YES;
				ENABLE_TESTABILITY = YES;
				GCC_C_LANGUAGE_STANDARD = gnu11;
				GCC_DYNAMIC_NO_PIC = NO;
				GCC_NO_COMMON_BLOCKS = YES;
				GCC_OPTIMIZATION_LEVEL = 0;
				GCC_PREPROCESSOR_DEFINITIONS = (
					"DEBUG=1",
					"$(inherited)",
				);
				GCC_WARN_64_TO_32_BIT_CONVERSION = YES;
				GCC_WARN_ABOUT_RETURN_TYPE = YES_ERROR;
				GCC_WARN_UNDECLARED_SELECTOR = YES;
				GCC_WARN_UNINITIALIZED_AUTOS = YES_AGGRESSIVE;
				GCC_WARN_UNUSED_FUNCTION = YES;
				GCC_WARN_UNUSED_VARIABLE = YES;
				IPHONEOS_DEPLOYMENT_TARGET = 13.2;
				MTL_ENABLE_DEBUG_INFO = INCLUDE_SOURCE;
				MTL_FAST_MATH = YES;
				ONLY_ACTIVE_ARCH = YES;
				SDKROOT = iphoneos;
				SWIFT_ACTIVE_COMPILATION_CONDITIONS = DEBUG;
				SWIFT_OPTIMIZATION_LEVEL = "-Onone";
			};
			name = Debug;
		};
		F0E28C7A238B9A07003884F7 /* Release */ = {
			isa = XCBuildConfiguration;
			buildSettings = {
				ALWAYS_SEARCH_USER_PATHS = NO;
				CLANG_ANALYZER_NONNULL = YES;
				CLANG_ANALYZER_NUMBER_OBJECT_CONVERSION = YES_AGGRESSIVE;
				CLANG_CXX_LANGUAGE_STANDARD = "gnu++14";
				CLANG_CXX_LIBRARY = "libc++";
				CLANG_ENABLE_MODULES = YES;
				CLANG_ENABLE_OBJC_ARC = YES;
				CLANG_ENABLE_OBJC_WEAK = YES;
				CLANG_WARN_BLOCK_CAPTURE_AUTORELEASING = YES;
				CLANG_WARN_BOOL_CONVERSION = YES;
				CLANG_WARN_COMMA = YES;
				CLANG_WARN_CONSTANT_CONVERSION = YES;
				CLANG_WARN_DEPRECATED_OBJC_IMPLEMENTATIONS = YES;
				CLANG_WARN_DIRECT_OBJC_ISA_USAGE = YES_ERROR;
				CLANG_WARN_DOCUMENTATION_COMMENTS = YES;
				CLANG_WARN_EMPTY_BODY = YES;
				CLANG_WARN_ENUM_CONVERSION = YES;
				CLANG_WARN_INFINITE_RECURSION = YES;
				CLANG_WARN_INT_CONVERSION = YES;
				CLANG_WARN_NON_LITERAL_NULL_CONVERSION = YES;
				CLANG_WARN_OBJC_IMPLICIT_RETAIN_SELF = YES;
				CLANG_WARN_OBJC_LITERAL_CONVERSION = YES;
				CLANG_WARN_OBJC_ROOT_CLASS = YES_ERROR;
				CLANG_WARN_RANGE_LOOP_ANALYSIS = YES;
				CLANG_WARN_STRICT_PROTOTYPES = YES;
				CLANG_WARN_SUSPICIOUS_MOVE = YES;
				CLANG_WARN_UNGUARDED_AVAILABILITY = YES_AGGRESSIVE;
				CLANG_WARN_UNREACHABLE_CODE = YES;
				CLANG_WARN__DUPLICATE_METHOD_MATCH = YES;
				COPY_PHASE_STRIP = NO;
				DEBUG_INFORMATION_FORMAT = "dwarf-with-dsym";
				ENABLE_NS_ASSERTIONS = NO;
				ENABLE_STRICT_OBJC_MSGSEND = YES;
				GCC_C_LANGUAGE_STANDARD = gnu11;
				GCC_NO_COMMON_BLOCKS = YES;
				GCC_WARN_64_TO_32_BIT_CONVERSION = YES;
				GCC_WARN_ABOUT_RETURN_TYPE = YES_ERROR;
				GCC_WARN_UNDECLARED_SELECTOR = YES;
				GCC_WARN_UNINITIALIZED_AUTOS = YES_AGGRESSIVE;
				GCC_WARN_UNUSED_FUNCTION = YES;
				GCC_WARN_UNUSED_VARIABLE = YES;
				IPHONEOS_DEPLOYMENT_TARGET = 13.2;
				MTL_ENABLE_DEBUG_INFO = NO;
				MTL_FAST_MATH = YES;
				SDKROOT = iphoneos;
				SWIFT_COMPILATION_MODE = wholemodule;
				SWIFT_OPTIMIZATION_LEVEL = "-O";
				VALIDATE_PRODUCT = YES;
			};
			name = Release;
		};
		F0E28C7C238B9A07003884F7 /* Debug */ = {
			isa = XCBuildConfiguration;
			buildSettings = {
				ASSETCATALOG_COMPILER_APPICON_NAME = AppIcon;
				CODE_SIGN_IDENTITY = "Apple Development";
				CODE_SIGN_STYLE = Automatic;
				DEVELOPMENT_TEAM = 7H6AVX36JR;
				INFOPLIST_FILE = AccessibilitySample/Info.plist;
				IPHONEOS_DEPLOYMENT_TARGET = 12.0;
				LD_RUNPATH_SEARCH_PATHS = (
					"$(inherited)",
					"@executable_path/Frameworks",
				);
				PRODUCT_BUNDLE_IDENTIFIER = com.usbank.OmniMobileApp.dev22;
				PRODUCT_NAME = USBAccessibility;
				PROVISIONING_PROFILE_SPECIFIER = "";
				SWIFT_VERSION = 5.0;
				TARGETED_DEVICE_FAMILY = "1,2";
			};
			name = Debug;
		};
		F0E28C7D238B9A07003884F7 /* Release */ = {
			isa = XCBuildConfiguration;
			buildSettings = {
				ASSETCATALOG_COMPILER_APPICON_NAME = AppIcon;
				CODE_SIGN_IDENTITY = "Apple Development";
				CODE_SIGN_STYLE = Automatic;
				DEVELOPMENT_TEAM = 7H6AVX36JR;
				INFOPLIST_FILE = AccessibilitySample/Info.plist;
				IPHONEOS_DEPLOYMENT_TARGET = 12.0;
				LD_RUNPATH_SEARCH_PATHS = (
					"$(inherited)",
					"@executable_path/Frameworks",
				);
				PRODUCT_BUNDLE_IDENTIFIER = com.usbank.OmniMobileApp.dev22;
				PRODUCT_NAME = USBAccessibility;
				PROVISIONING_PROFILE_SPECIFIER = "";
				SWIFT_VERSION = 5.0;
				TARGETED_DEVICE_FAMILY = "1,2";
			};
			name = Release;
		};
/* End XCBuildConfiguration section */

/* Begin XCConfigurationList section */
		F0E28C62238B9A00003884F7 /* Build configuration list for PBXProject "AccessibilitySample" */ = {
			isa = XCConfigurationList;
			buildConfigurations = (
				F0E28C79238B9A07003884F7 /* Debug */,
				F0E28C7A238B9A07003884F7 /* Release */,
			);
			defaultConfigurationIsVisible = 0;
			defaultConfigurationName = Release;
		};
		F0E28C7B238B9A07003884F7 /* Build configuration list for PBXNativeTarget "AccessibilitySample" */ = {
			isa = XCConfigurationList;
			buildConfigurations = (
				F0E28C7C238B9A07003884F7 /* Debug */,
				F0E28C7D238B9A07003884F7 /* Release */,
			);
			defaultConfigurationIsVisible = 0;
			defaultConfigurationName = Release;
		};
/* End XCConfigurationList section */
	};
	rootObject = F0E28C5F238B99FF003884F7 /* Project object */;
}
